
Microsoft Visual Studio Solution File, Format Version 12.00
# Visual Studio Version 17
VisualStudioVersion = 17.4.33213.308
MinimumVisualStudioVersion = 10.0.40219.1
Project("{9A19103F-16F7-4668-BE54-9A1E7A4F7556}") = "KeyCastle.Domain", "KeyCastle.Domain\KeyCastle.Domain.csproj", "{0D2AB8D9-AC56-4BC8-A371-E7A0A522B7AD}"
EndProject
Project("{00D1A9C2-B5F0-4AF3-8072-F6C62B433612}") = "KeyCastle.Database", "KeyCastle.Database\KeyCastle.Database.sqlproj", "{A6176484-4D4E-4099-A03C-1FC69FEEB798}"
EndProject
Project("{9A19103F-16F7-4668-BE54-9A1E7A4F7556}") = "KeyCastle.DataAccess", "KeyCastle.DataAccess\KeyCastle.DataAccess.csproj", "{6FACE2CD-5559-407C-947F-CC75DDF11321}"
EndProject
Project("{9A19103F-16F7-4668-BE54-9A1E7A4F7556}") = "KeyCastle.ConsoleApp", "KeyCastle.ConsoleApp\KeyCastle.ConsoleApp.csproj", "{FC7EFD91-ABEE-448B-9C71-CE47B660C672}"
EndProject
Project("{9A19103F-16F7-4668-BE54-9A1E7A4F7556}") = "KeyCastle.DapperPort", "KeyCastle.DapperPort\KeyCastle.DapperPort.csproj", "{3BEDE560-5AEB-4F9B-96A7-951FD8F917CB}"
EndProject
Project("{2150E333-8FDC-42A3-9474-1A3956D46DE8}") = "Tests", "Tests", "{FBCF2949-48D9-42B3-998D-A2CCF84940E1}"
EndProject
Project("{9A19103F-16F7-4668-BE54-9A1E7A4F7556}") = "KeyCastle.DataAccess.Tests", "KeyCastle.DataAccess.Tests\KeyCastle.DataAccess.Tests.csproj", "{072C82A7-0B78-4C82-A552-F31B6BBBD6DE}"
EndProject
Project("{FAE04EC0-301F-11D3-BF4B-00C04F79EFBC}") = "KeyCastle.Services", "KeyCastle.Services\KeyCastle.Services.csproj", "{44DBA433-5C33-4741-AF40-31FA8BA5E7C2}"
EndProject
Global
	GlobalSection(SolutionConfigurationPlatforms) = preSolution
		Debug|Any CPU = Debug|Any CPU
		Release|Any CPU = Release|Any CPU
	EndGlobalSection
	GlobalSection(ProjectConfigurationPlatforms) = postSolution
		{0D2AB8D9-AC56-4BC8-A371-E7A0A522B7AD}.Debug|Any CPU.ActiveCfg = Debug|Any CPU
		{0D2AB8D9-AC56-4BC8-A371-E7A0A522B7AD}.Debug|Any CPU.Build.0 = Debug|Any CPU
		{0D2AB8D9-AC56-4BC8-A371-E7A0A522B7AD}.Release|Any CPU.ActiveCfg = Release|Any CPU
		{0D2AB8D9-AC56-4BC8-A371-E7A0A522B7AD}.Release|Any CPU.Build.0 = Release|Any CPU
		{A6176484-4D4E-4099-A03C-1FC69FEEB798}.Debug|Any CPU.ActiveCfg = Debug|Any CPU
		{A6176484-4D4E-4099-A03C-1FC69FEEB798}.Debug|Any CPU.Build.0 = Debug|Any CPU
		{A6176484-4D4E-4099-A03C-1FC69FEEB798}.Debug|Any CPU.Deploy.0 = Debug|Any CPU
		{A6176484-4D4E-4099-A03C-1FC69FEEB798}.Release|Any CPU.ActiveCfg = Release|Any CPU
		{A6176484-4D4E-4099-A03C-1FC69FEEB798}.Release|Any CPU.Build.0 = Release|Any CPU
		{A6176484-4D4E-4099-A03C-1FC69FEEB798}.Release|Any CPU.Deploy.0 = Release|Any CPU
		{6FACE2CD-5559-407C-947F-CC75DDF11321}.Debug|Any CPU.ActiveCfg = Debug|Any CPU
		{6FACE2CD-5559-407C-947F-CC75DDF11321}.Debug|Any CPU.Build.0 = Debug|Any CPU
		{6FACE2CD-5559-407C-947F-CC75DDF11321}.Release|Any CPU.ActiveCfg = Release|Any CPU
		{6FACE2CD-5559-407C-947F-CC75DDF11321}.Release|Any CPU.Build.0 = Release|Any CPU
		{FC7EFD91-ABEE-448B-9C71-CE47B660C672}.Debug|Any CPU.ActiveCfg = Debug|Any CPU
		{FC7EFD91-ABEE-448B-9C71-CE47B660C672}.Debug|Any CPU.Build.0 = Debug|Any CPU
		{FC7EFD91-ABEE-448B-9C71-CE47B660C672}.Release|Any CPU.ActiveCfg = Release|Any CPU
		{FC7EFD91-ABEE-448B-9C71-CE47B660C672}.Release|Any CPU.Build.0 = Release|Any CPU
		{3BEDE560-5AEB-4F9B-96A7-951FD8F917CB}.Debug|Any CPU.ActiveCfg = Debug|Any CPU
		{3BEDE560-5AEB-4F9B-96A7-951FD8F917CB}.Debug|Any CPU.Build.0 = Debug|Any CPU
		{3BEDE560-5AEB-4F9B-96A7-951FD8F917CB}.Release|Any CPU.ActiveCfg = Release|Any CPU
		{3BEDE560-5AEB-4F9B-96A7-951FD8F917CB}.Release|Any CPU.Build.0 = Release|Any CPU
		{072C82A7-0B78-4C82-A552-F31B6BBBD6DE}.Debug|Any CPU.ActiveCfg = Debug|Any CPU
		{072C82A7-0B78-4C82-A552-F31B6BBBD6DE}.Debug|Any CPU.Build.0 = Debug|Any CPU
		{072C82A7-0B78-4C82-A552-F31B6BBBD6DE}.Release|Any CPU.ActiveCfg = Release|Any CPU
		{072C82A7-0B78-4C82-A552-F31B6BBBD6DE}.Release|Any CPU.Build.0 = Release|Any CPU
		{44DBA433-5C33-4741-AF40-31FA8BA5E7C2}.Debug|Any CPU.ActiveCfg = Debug|Any CPU
		{44DBA433-5C33-4741-AF40-31FA8BA5E7C2}.Debug|Any CPU.Build.0 = Debug|Any CPU
		{44DBA433-5C33-4741-AF40-31FA8BA5E7C2}.Release|Any CPU.ActiveCfg = Release|Any CPU
		{44DBA433-5C33-4741-AF40-31FA8BA5E7C2}.Release|Any CPU.Build.0 = Release|Any CPU
	EndGlobalSection
	GlobalSection(SolutionProperties) = preSolution
		HideSolutionNode = FALSE
	EndGlobalSection
	GlobalSection(NestedProjects) = preSolution
		{072C82A7-0B78-4C82-A552-F31B6BBBD6DE} = {FBCF2949-48D9-42B3-998D-A2CCF84940E1}
	EndGlobalSection
	GlobalSection(ExtensibilityGlobals) = postSolution
		SolutionGuid = {7FEEDD01-D134-4555-BF2B-353B63B62BEF}
	EndGlobalSection
EndGlobal
